{
  "nodes": {
    "advisory-db": {
      "flake": false,
      "locked": {
        "lastModified": 1788805170,
        "narHash": "sha256-dwvuAOf43t41WtzODvus5ejal6Qp/Zxtn+DqHHgRox4=",
        "owner": "rustsec",
        "repo": "advisory-db",
        "rev": "8a1eb4f933fb5821add5b4e98601ebd90b8b3538",
        "type": "github"
      },
      "original": {
        "owner": "rustsec",
        "repo": "advisory-db",
        "type": "github"
      }
    },
    "crane": {
      "locked": {
        "lastModified": 1788465171,
        "narHash": "sha256-Y1/TTVXjYXGF068IThQH9fPSZ0SIE74PABlUxnWTUH0=",
        "owner": "ipetkov",
        "repo": "crane",
        "rev": "eb35abda9f232cc6610b1d1e3200d15c49b7ac54",
        "type": "github"
      },
      "original": {
        "owner": "ipetkov",
        "repo": "crane",
        "type": "github"
      }
    },
    "dyndnsd": {
      "inputs": {
        "advisory-db": [
          "advisory-db"
        ],
        "crane": [
          "crane"
        ],
        "fenix": [
          "fenix"
        ],
        "flake-utils": [
          "flake-utils"
        ],
        "nixpkgs": [
          "nixpkgs"
        ],
        "systems": [
          "systems"
        ]
      },
      "locked": {
        "lastModified": 1788191050,
        "narHash": "sha256-xry9s4SptKnjRSb6qfNJGgCuqXr/LzI+JyVVTqQkbto=",
        "owner": "Luflosi",
        "repo": "dyndnsd",
        "rev": "f85aeb952bc126ba25b3037c1e6552c0e8d8c091",
        "type": "github"
      },
      "original": {
        "owner": "Luflosi",
        "repo": "dyndnsd",
        "type": "github"
      }
    },
    "fenix": {
      "inputs": {
        "nixpkgs": [
          "nixpkgs"
        ],
        "rust-analyzer-src": []
      },
      "locked": {
        "lastModified": 1788782697,
        "narHash": "sha256-vwpEIlx5cfHs4OlmFaA6bd0UgWlil6eiebI6sVh8ci4=",
        "owner": "nix-community",
        "repo": "fenix",
        "rev": "36a0cdd15b062a8e6b529cf6e1a15fd4a26210b3",
        "type": "github"
      },
      "original": {
        "owner": "nix-community",
        "repo": "fenix",
        "type": "github"
      }
    },
    "flake-utils": {
      "inputs": {
        "systems": [
          "systems"
        ]
      },
      "locked": {
        "lastModified": 1731533236,
        "narHash": "sha256-l0KFg5HjrsfsO/JpG+r7fRrqm12kzFHyUHqHCVpMMbI=",
        "owner": "numtide",
        "repo": "flake-utils",
        "rev": "11707dc2f618dd54ca8739b309ec4fc024de578b",
        "type": "github"
      },
      "original": {
        "owner": "numtide",
        "repo": "flake-utils",
        "type": "github"
      }
    },
    "nixpkgs": {
      "locked": {
        "lastModified": 1788746152,
        "narHash": "sha256-RaKngusl5I8pNi8RfrVvsHq3NZe7eFWzDlb01+hEVqY=",
        "owner": "NixOS",
        "repo": "nixpkgs",
        "rev": "42f17a57f4f6e33b3de3dca0a2a5ea5233169d02",
        "type": "github"
      },
      "original": {
        "owner": "NixOS",
        "ref": "nixpkgs-unstable",
        "repo": "nixpkgs",
        "type": "github"
      }
    },
    "root": {
      "inputs": {
        "advisory-db": "advisory-db",
        "crane": "crane",
        "dyndnsd": "dyndnsd",
        "fenix": "fenix",
        "flake-utils": "flake-utils",
        "nixpkgs": "nixpkgs",
        "systems": "systems"
      }
    },
    "systems": {
      "locked": {
        "lastModified": 1776166891,
        "narHash": "sha256-bI8yrEGjrohR5hkQox7UrxDH7XqrYMwI8SL/LrJ1+S8=",
        "owner": "nix-systems",
        "repo": "triplet",
        "rev": "6de7bc09397911ce03636afbcf6118745ab2cda0",
        "type": "github"
      },
      "original": {
        "owner": "nix-systems",
        "repo": "triplet",
        "type": "github"
      }
    }
  },
  "root": "root",
  "version": 7
}
